// !$*UTF8*$!
{
	archiveVersion = 1;
	classes = {
	};
	objectVersion = 48;
	objects = {

/* Begin PBXBuildFile section */
		83E6DA2D2054D2F1005A721A /* AppDelegate.swift in Sources */ = {isa = PBXBuildFile; fileRef = 83E6DA2C2054D2F1005A721A /* AppDelegate.swift */; };
		83E6DA2F2054D2F1005A721A /* ViewController.swift in Sources */ = {isa = PBXBuildFile; fileRef = 83E6DA2E2054D2F1005A721A /* ViewController.swift */; };
		83E6DA322054D2F1005A721A /* Main.storyboard in Resources */ = {isa = PBXBuildFile; fileRef = 83E6DA302054D2F1005A721A /* Main.storyboard */; };
		83E6DA342054D2F1005A721A /* Assets.xcassets in Resources */ = {isa = PBXBuildFile; fileRef = 83E6DA332054D2F1005A721A /* Assets.xcassets */; };
		83E6DA372054D2F1005A721A /* LaunchScreen.storyboard in Resources */ = {isa = PBXBuildFile; fileRef = 83E6DA352054D2F1005A721A /* LaunchScreen.storyboard */; };
		88190DC753D2B00B0E354A96 /* Pods_RxOverlayMessages.framework in Frameworks */ = {isa = PBXBuildFile; fileRef = 186D9B3EF7BC443ADE2648E7 /* Pods_RxOverlayMessages.framework */; };
/* End PBXBuildFile section */

/* Begin PBXFileReference section */
		186D9B3EF7BC443ADE2648E7 /* Pods_RxOverlayMessages.framework */ = {isa = PBXFileReference; explicitFileType = wrapper.framework; includeInIndex = 0; path = Pods_RxOverlayMessages.framework; sourceTree = BUILT_PRODUCTS_DIR; };
		25A1A19FED2FAF1C6384172D /* Pods-RxOverlayMessages.release.xcconfig */ = {isa = PBXFileReference; includeInIndex = 1; lastKnownFileType = text.xcconfig; name = "Pods-RxOverlayMessages.release.xcconfig"; path = "Pods/Target Support Files/Pods-RxOverlayMessages/Pods-RxOverlayMessages.release.xcconfig"; sourceTree = "<group>"; };
		4562FE1897B21EE9F032ADA7 /* Pods-RxOverlayMessages.debug.xcconfig */ = {isa = PBXFileReference; includeInIndex = 1; lastKnownFileType = text.xcconfig; name = "Pods-RxOverlayMessages.debug.xcconfig"; path = "Pods/Target Support Files/Pods-RxOverlayMessages/Pods-RxOverlayMessages.debug.xcconfig"; sourceTree = "<group>"; };
		83E6DA292054D2F1005A721A /* RxOverlayMessages.app */ = {isa = PBXFileReference; explicitFileType = wrapper.application; includeInIndex = 0; path = RxOverlayMessages.app; sourceTree = BUILT_PRODUCTS_DIR; };
		83E6DA2C2054D2F1005A721A /* AppDelegate.swift */ = {isa = PBXFileReference; lastKnownFileType = sourcecode.swift; path = AppDelegate.swift; sourceTree = "<group>"; };
		83E6DA2E2054D2F1005A721A /* ViewController.swift */ = {isa = PBXFileReference; lastKnownFileType = sourcecode.swift; path = ViewController.swift; sourceTree = "<group>"; };
		83E6DA312054D2F1005A721A /* Base */ = {isa = PBXFileReference; lastKnownFileType = file.storyboard; name = Base; path = Base.lproj/Main.storyboard; sourceTree = "<group>"; };
		83E6DA332054D2F1005A721A /* Assets.xcassets */ = {isa = PBXFileReference; lastKnownFileType = folder.assetcatalog; path = Assets.xcassets; sourceTree = "<group>"; };
		83E6DA362054D2F1005A721A /* Base */ = {isa = PBXFileReference; lastKnownFileType = file.storyboard; name = Base; path = Base.lproj/LaunchScreen.storyboard; sourceTree = "<group>"; };
		83E6DA382054D2F1005A721A /* Info.plist */ = {isa = PBXFileReference; lastKnownFileType = text.plist.xml; path = Info.plist; sourceTree = "<group>"; };
/* End PBXFileReference section */

/* Begin PBXFrameworksBuildPhase section */
		83E6DA262054D2F1005A721A /* Frameworks */ = {
			isa = PBXFrameworksBuildPhase;
			buildActionMask = 2147483647;
			files = (
				88190DC753D2B00B0E354A96 /* Pods_RxOverlayMessages.framework in Frameworks */,
			);
			runOnlyForDeploymentPostprocessing = 0;
		};
/* End PBXFrameworksBuildPhase section */

/* Begin PBXGroup section */
		3833E5C22A9C9B4E1952623C /* Pods */ = {
			isa = PBXGroup;
			children = (
				4562FE1897B21EE9F032ADA7 /* Pods-RxOverlayMessages.debug.xcconfig */,
				25A1A19FED2FAF1C6384172D /* Pods-RxOverlayMessages.release.xcconfig */,
			);
			name = Pods;
			sourceTree = "<group>";
		};
		5095EFC9945C8B8E47EFE27E /* Frameworks */ = {
			isa = PBXGroup;
			children = (
				186D9B3EF7BC443ADE2648E7 /* Pods_RxOverlayMessages.framework */,
			);
			name = Frameworks;
			sourceTree = "<group>";
		};
		83E6DA202054D2F1005A721A = {
			isa = PBXGroup;
			children = (
				83E6DA2B2054D2F1005A721A /* RxOverlayMessages */,
				83E6DA2A2054D2F1005A721A /* Products */,
				3833E5C22A9C9B4E1952623C /* Pods */,
				5095EFC9945C8B8E47EFE27E /* Frameworks */,
			);
			sourceTree = "<group>";
		};
		83E6DA2A2054D2F1005A721A /* Products */ = {
			isa = PBXGroup;
			children = (
				83E6DA292054D2F1005A721A /* RxOverlayMessages.app */,
			);
			name = Products;
			sourceTree = "<group>";
		};
		83E6DA2B2054D2F1005A721A /* RxOverlayMessages */ = {
			isa = PBXGroup;
			children = (
				83E6DA2C2054D2F1005A721A /* AppDelegate.swift */,
				83E6DA2E2054D2F1005A721A /* ViewController.swift */,
				83E6DA302054D2F1005A721A /* Main.storyboard */,
				83E6DA332054D2F1005A721A /* Assets.xcassets */,
				83E6DA352054D2F1005A721A /* LaunchScreen.storyboard */,
				83E6DA382054D2F1005A721A /* Info.plist */,
			);
			path = RxOverlayMessages;
			sourceTree = "<group>";
		};
/* End PBXGroup section */

/* Begin PBXNativeTarget section */
		83E6DA282054D2F1005A721A /* RxOverlayMessages */ = {
			isa = PBXNativeTarget;
			buildConfigurationList = 83E6DA3B2054D2F1005A721A /* Build configuration list for PBXNativeTarget "RxOverlayMessages" */;
			buildPhases = (
				9E2820AA31585452E2AD43D6 /* [CP] Check Pods Manifest.lock */,
				83E6DA252054D2F1005A721A /* Sources */,
				83E6DA262054D2F1005A721A /* Frameworks */,
				83E6DA272054D2F1005A721A /* Resources */,
				5A3177F38CAA56D2DE353578 /* [CP] Embed Pods Frameworks */,
				BB1EA8D595D5EEA6C5C984DD /* [CP] Copy Pods Resources */,
			);
			buildRules = (
			);
			dependencies = (
			);
			name = RxOverlayMessages;
			productName = RxOverlayMessages;
			productReference = 83E6DA292054D2F1005A721A /* RxOverlayMessages.app */;
			productType = "com.apple.product-type.application";
		};
/* End PBXNativeTarget section */

/* Begin PBXProject section */
		83E6DA212054D2F1005A721A /* Project object */ = {
			isa = PBXProject;
			attributes = {
				LastSwiftUpdateCheck = 0920;
				LastUpgradeCheck = 0920;
				ORGANIZATIONNAME = "iOS MAC";
				TargetAttributes = {
					83E6DA282054D2F1005A721A = {
						CreatedOnToolsVersion = 9.2;
						ProvisioningStyle = Automatic;
					};
				};
			};
			buildConfigurationList = 83E6DA242054D2F1005A721A /* Build configuration list for PBXProject "RxOverlayMessages" */;
			compatibilityVersion = "Xcode 8.0";
			developmentRegion = en;
			hasScannedForEncodings = 0;
			knownRegions = (
				en,
				Base,
			);
			mainGroup = 83E6DA202054D2F1005A721A;
			productRefGroup = 83E6DA2A2054D2F1005A721A /* Products */;
			projectDirPath = "";
			projectRoot = "";
			targets = (
				83E6DA282054D2F1005A721A /* RxOverlayMessages */,
			);
		};
/* End PBXProject section */

/* Begin PBXResourcesBuildPhase section */
		83E6DA272054D2F1005A721A /* Resources */ = {
			isa = PBXResourcesBuildPhase;
			buildActionMask = 2147483647;
			files = (
				83E6DA372054D2F1005A721A /* LaunchScreen.storyboard in Resources */,
				83E6DA342054D2F1005A721A /* Assets.xcassets in Resources */,
				83E6DA322054D2F1005A721A /* Main.storyboard in Resources */,
			);
			runOnlyForDeploymentPostprocessing = 0;
		};
/* End PBXResourcesBuildPhase section */

/* Begin PBXShellScriptBuildPhase section */
		5A3177F38CAA56D2DE353578 /* [CP] Embed Pods Frameworks */ = {
			isa = PBXShellScriptBuildPhase;
			buildActionMask = 2147483647;
			files = (
			);
			inputPaths = (
				"${SRCROOT}/Pods/Target Support Files/Pods-RxOverlayMessages/Pods-RxOverlayMessages-frameworks.sh",
				"${BUILT_PRODUCTS_DIR}/RxCocoa/RxCocoa.framework",
				"${BUILT_PRODUCTS_DIR}/RxSwift/RxSwift.framework",
			);
			name = "[CP] Embed Pods Frameworks";
			outputPaths = (
				"${TARGET_BUILD_DIR}/${FRAMEWORKS_FOLDER_PATH}/RxCocoa.framework",
				"${TARGET_BUILD_DIR}/${FRAMEWORKS_FOLDER_PATH}/RxSwift.framework",
			);
			runOnlyForDeploymentPostprocessing = 0;
			shellPath = /bin/sh;
			shellScript = "\"${SRCROOT}/Pods/Target Support Files/Pods-RxOverlayMessages/Pods-RxOverlayMessages-frameworks.sh\"\n";
			showEnvVarsInLog = 0;
		};
		9E2820AA31585452E2AD43D6 /* [CP] Check Pods Manifest.lock */ = {
			isa = PBXShellScriptBuildPhase;
			buildActionMask = 2147483647;
			files = (
			);
			inputPaths = (
				"${PODS_PODFILE_DIR_PATH}/Podfile.lock",
				"${PODS_ROOT}/Manifest.lock",
			);
			name = "[CP] Check Pods Manifest.lock";
			outputPaths = (
				"$(DERIVED_FILE_DIR)/Pods-RxOverlayMessages-checkManifestLockResult.txt",
			);
			runOnlyForDeploymentPostprocessing = 0;
			shellPath = /bin/sh;
			shellScript = "diff \"${PODS_PODFILE_DIR_PATH}/Podfile.lock\" \"${PODS_ROOT}/Manifest.lock\" > /dev/null\nif [ $? != 0 ] ; then\n    # print error to STDERR\n    echo \"error: The sandbox is not in sync with the Podfile.lock. Run 'pod install' or update your CocoaPods installation.\" >&2\n    exit 1\nfi\n# This output is used by Xcode 'outputs' to avoid re-running this script phase.\necho \"SUCCESS\" > \"${SCRIPT_OUTPUT_FILE_0}\"\n";
			showEnvVarsInLog = 0;
		};
		BB1EA8D595D5EEA6C5C984DD /* [CP] Copy Pods Resources */ = {
			isa = PBXShellScriptBuildPhase;
			buildActionMask = 2147483647;
			files = (
			);
			inputPaths = (
			);
			name = "[CP] Copy Pods Resources";
			outputPaths = (
			);
			runOnlyForDeploymentPostprocessing = 0;
			shellPath = /bin/sh;
			shellScript = "\"${SRCROOT}/Pods/Target Support Files/Pods-RxOverlayMessages/Pods-RxOverlayMessages-resources.sh\"\n";
			showEnvVarsInLog = 0;
		};
/* End PBXShellScriptBuildPhase section */

/* Begin PBXSourcesBuildPhase section */
		83E6DA252054D2F1005A721A /* Sources */ = {
			isa = PBXSourcesBuildPhase;
			buildActionMask = 2147483647;
			files = (
				83E6DA2F2054D2F1005A721A /* ViewController.swift in Sources */,
				83E6DA2D2054D2F1005A721A /* AppDelegate.swift in Sources */,
			);
			runOnlyForDeploymentPostprocessing = 0;
		};
/* End PBXSourcesBuildPhase section */

/* Begin PBXVariantGroup section */
		83E6DA302054D2F1005A721A /* Main.storyboard */ = {
			isa = PBXVariantGroup;
			children = (
				83E6DA312054D2F1005A721A /* Base */,
			);
			name = Main.storyboard;
			sourceTree = "<group>";
		};
		83E6DA352054D2F1005A721A /* LaunchScreen.storyboard */ = {
			isa = PBXVariantGroup;
			children = (
				83E6DA362054D2F1005A721A /* Base */,
			);
			name = LaunchScreen.storyboard;
			sourceTree = "<group>";
		};
/* End PBXVariantGroup section */

/* Begin XCBuildConfiguration section */
		83E6DA392054D2F1005A721A /* Debug */ = {
			isa = XCBuildConfiguration;
			buildSettings = {
				ALWAYS_SEARCH_USER_PATHS = NO;
				CLANG_ANALYZER_NONNULL = YES;
				CLANG_ANALYZER_NUMBER_OBJECT_CONVERSION = YES_AGGRESSIVE;
				CLANG_CXX_LANGUAGE_STANDARD = "gnu++14";
				CLANG_CXX_LIBRARY = "libc++";
				CLANG_ENABLE_MODULES = YES;
				CLANG_ENABLE_OBJC_ARC = YES;
				CLANG_WARN_BLOCK_CAPTURE_AUTORELEASING = YES;
				CLANG_WARN_BOOL_CONVERSION = YES;
				CLANG_WARN_COMMA = YES;
				CLANG_WARN_CONSTANT_CONVERSION = YES;
				CLANG_WARN_DIRECT_OBJC_ISA_USAGE = YES_ERROR;
				CLANG_WARN_DOCUMENTATION_COMMENTS = YES;
				CLANG_WARN_EMPTY_BODY = YES;
				CLANG_WARN_ENUM_CONVERSION = YES;
				CLANG_WARN_INFINITE_RECURSION = YES;
				CLANG_WARN_INT_CONVERSION = YES;
				CLANG_WARN_NON_LITERAL_NULL_CONVERSION = YES;
				CLANG_WARN_OBJC_LITERAL_CONVERSION = YES;
				CLANG_WARN_OBJC_ROOT_CLASS = YES_ERROR;
				CLANG_WARN_RANGE_LOOP_ANALYSIS = YES;
				CLANG_WARN_STRICT_PROTOTYPES = YES;
				CLANG_WARN_SUSPICIOUS_MOVE = YES;
				CLANG_WARN_UNGUARDED_AVAILABILITY = YES_AGGRESSIVE;
				CLANG_WARN_UNREACHABLE_CODE = YES;
				CLANG_WARN__DUPLICATE_METHOD_MATCH = YES;
				CODE_SIGN_IDENTITY = "iPhone Developer";
				COPY_PHASE_STRIP = NO;
				DEBUG_INFORMATION_FORMAT = dwarf;
				ENABLE_STRICT_OBJC_MSGSEND = YES;
				ENABLE_TESTABILITY = YES;
				GCC_C_LANGUAGE_STANDARD = gnu11;
				GCC_DYNAMIC_NO_PIC = NO;
				GCC_NO_COMMON_BLOCKS = YES;
				GCC_OPTIMIZATION_LEVEL = 0;
				GCC_PREPROCESSOR_DEFINITIONS = (
					"DEBUG=1",
					"$(inherited)",
				);
				GCC_WARN_64_TO_32_BIT_CONVERSION = YES;
				GCC_WARN_ABOUT_RETURN_TYPE = YES_ERROR;
				GCC_WARN_UNDECLARED_SELECTOR = YES;
				GCC_WARN_UNINITIALIZED_AUTOS = YES_AGGRESSIVE;
				GCC_WARN_UNUSED_FUNCTION = YES;
				GCC_WARN_UNUSED_VARIABLE = YES;
				IPHONEOS_DEPLOYMENT_TARGET = 11.2;
				MTL_ENABLE_DEBUG_INFO = YES;
				ONLY_ACTIVE_ARCH = YES;
				SDKROOT = iphoneos;
				SWIFT_ACTIVE_COMPILATION_CONDITIONS = DEBUG;
				SWIFT_OPTIMIZATION_LEVEL = "-Onone";
			};
			name = Debug;
		};
		83E6DA3A2054D2F1005A721A /* Release */ = {
			isa = XCBuildConfiguration;
			buildSettings = {
				ALWAYS_SEARCH_USER_PATHS = NO;
				CLANG_ANALYZER_NONNULL = YES;
				CLANG_ANALYZER_NUMBER_OBJECT_CONVERSION = YES_AGGRESSIVE;
				CLANG_CXX_LANGUAGE_STANDARD = "gnu++14";
				CLANG_CXX_LIBRARY = "libc++";
				CLANG_ENABLE_MODULES = YES;
				CLANG_ENABLE_OBJC_ARC = YES;
				CLANG_WARN_BLOCK_CAPTURE_AUTORELEASING = YES;
				CLANG_WARN_BOOL_CONVERSION = YES;
				CLANG_WARN_COMMA = YES;
				CLANG_WARN_CONSTANT_CONVERSION = YES;
				CLANG_WARN_DIRECT_OBJC_ISA_USAGE = YES_ERROR;
				CLANG_WARN_DOCUMENTATION_COMMENTS = YES;
				CLANG_WARN_EMPTY_BODY = YES;
				CLANG_WARN_ENUM_CONVERSION = YES;
				CLANG_WARN_INFINITE_RECURSION = YES;
				CLANG_WARN_INT_CONVERSION = YES;
				CLANG_WARN_NON_LITERAL_NULL_CONVERSION = YES;
				CLANG_WARN_OBJC_LITERAL_CONVERSION = YES;
				CLANG_WARN_OBJC_ROOT_CLASS = YES_ERROR;
				CLANG_WARN_RANGE_LOOP_ANALYSIS = YES;
				CLANG_WARN_STRICT_PROTOTYPES = YES;
				CLANG_WARN_SUSPICIOUS_MOVE = YES;
				CLANG_WARN_UNGUARDED_AVAILABILITY = YES_AGGRESSIVE;
				CLANG_WARN_UNREACHABLE_CODE = YES;
				CLANG_WARN__DUPLICATE_METHOD_MATCH = YES;
				CODE_SIGN_IDENTITY = "iPhone Developer";
				COPY_PHASE_STRIP = NO;
				DEBUG_INFORMATION_FORMAT = "dwarf-with-dsym";
				ENABLE_NS_ASSERTIONS = NO;
				ENABLE_STRICT_OBJC_MSGSEND = YES;
				GCC_C_LANGUAGE_STANDARD = gnu11;
				GCC_NO_COMMON_BLOCKS = YES;
				GCC_WARN_64_TO_32_BIT_CONVERSION = YES;
				GCC_WARN_ABOUT_RETURN_TYPE = YES_ERROR;
				GCC_WARN_UNDECLARED_SELECTOR = YES;
				GCC_WARN_UNINITIALIZED_AUTOS = YES_AGGRESSIVE;
				GCC_WARN_UNUSED_FUNCTION = YES;
				GCC_WARN_UNUSED_VARIABLE = YES;
				IPHONEOS_DEPLOYMENT_TARGET = 11.2;
				MTL_ENABLE_DEBUG_INFO = NO;
				SDKROOT = iphoneos;
				SWIFT_OPTIMIZATION_LEVEL = "-Owholemodule";
				VALIDATE_PRODUCT = YES;
			};
			name = Release;
		};
		83E6DA3C2054D2F1005A721A /* Debug */ = {
			isa = XCBuildConfiguration;
			baseConfigurationReference = 4562FE1897B21EE9F032ADA7 /* Pods-RxOverlayMessages.debug.xcconfig */;
			buildSettings = {
				ASSETCATALOG_COMPILER_APPICON_NAME = AppIcon;
				CODE_SIGN_STYLE = Automatic;
				DEVELOPMENT_TEAM = N36VHC7JD7;
				INFOPLIST_FILE = RxOverlayMessages/Info.plist;
				IPHONEOS_DEPLOYMENT_TARGET = 11.2;
				LD_RUNPATH_SEARCH_PATHS = "$(inherited) @executable_path/Frameworks";
				PRODUCT_BUNDLE_IDENTIFIER = EventHorizon.RxOverlayMessages;
				PRODUCT_NAME = "$(TARGET_NAME)";
				SWIFT_VERSION = 4.0;
				TARGETED_DEVICE_FAMILY = 1;
			};
			name = Debug;
		};
		83E6DA3D2054D2F1005A721A /* Release */ = {
			isa = XCBuildConfiguration;
			baseConfigurationReference = 25A1A19FED2FAF1C6384172D /* Pods-RxOverlayMessages.release.xcconfig */;
			buildSettings = {
				ASSETCATALOG_COMPILER_APPICON_NAME = AppIcon;
				CODE_SIGN_STYLE = Automatic;
				DEVELOPMENT_TEAM = N36VHC7JD7;
				INFOPLIST_FILE = RxOverlayMessages/Info.plist;
				IPHONEOS_DEPLOYMENT_TARGET = 11.2;
				LD_RUNPATH_SEARCH_PATHS = "$(inherited) @executable_path/Frameworks";
				PRODUCT_BUNDLE_IDENTIFIER = EventHorizon.RxOverlayMessages;
				PRODUCT_NAME = "$(TARGET_NAME)";
				SWIFT_VERSION = 4.0;
				TARGETED_DEVICE_FAMILY = 1;
			};
			name = Release;
		};
/* End XCBuildConfiguration section */

/* Begin XCConfigurationList section */
		83E6DA242054D2F1005A721A /* Build configuration list for PBXProject "RxOverlayMessages" */ = {
			isa = XCConfigurationList;
			buildConfigurations = (
				83E6DA392054D2F1005A721A /* Debug */,
				83E6DA3A2054D2F1005A721A /* Release */,
			);
			defaultConfigurationIsVisible = 0;
			defaultConfigurationName = Release;
		};
		83E6DA3B2054D2F1005A721A /* Build configuration list for PBXNativeTarget "RxOverlayMessages" */ = {
			isa = XCConfigurationList;
			buildConfigurations = (
				83E6DA3C2054D2F1005A721A /* Debug */,
				83E6DA3D2054D2F1005A721A /* Release */,
			);
			defaultConfigurationIsVisible = 0;
			defaultConfigurationName = Release;
		};
/* End XCConfigurationList section */
	};
	rootObject = 83E6DA212054D2F1005A721A /* Project object */;
}
